
Microsoft Visual Studio Solution File, Format Version 12.00
# Visual Studio Version 17
VisualStudioVersion = 17.14.36623.8 d17.14
MinimumVisualStudioVersion = 10.0.40219.1
Project("{FAE04EC0-301F-11D3-BF4B-00C04F79EFBC}") = "MVC_ArtFlowAWS", "MVC_ArtFlowAWS\MVC_ArtFlowAWS.csproj", "{AB18A77F-57AB-4EAB-9A86-4E31ED0F9EAD}"
EndProject
Global
	GlobalSection(SolutionConfigurationPlatforms) = preSolution
		Debug|Any CPU = Debug|Any CPU
		Release|Any CPU = Release|Any CPU
	EndGlobalSection
	GlobalSection(ProjectConfigurationPlatforms) = postSolution
		{AB18A77F-57AB-4EAB-9A86-4E31ED0F9EAD}.Debug|Any CPU.ActiveCfg = Debug|Any CPU
		{AB18A77F-57AB-4EAB-9A86-4E31ED0F9EAD}.Debug|Any CPU.Build.0 = Debug|Any CPU
		{AB18A77F-57AB-4EAB-9A86-4E31ED0F9EAD}.Release|Any CPU.ActiveCfg = Release|Any CPU
		{AB18A77F-57AB-4EAB-9A86-4E31ED0F9EAD}.Release|Any CPU.Build.0 = Release|Any CPU
	EndGlobalSection
	GlobalSection(SolutionProperties) = preSolution
		HideSolutionNode = FALSE
	EndGlobalSection
	GlobalSection(ExtensibilityGlobals) = postSolution
		SolutionGuid = {856FE154-E580-41FA-85F0-00D67242BF1B}
	EndGlobalSection
EndGlobal
